
Microsoft Visual Studio Solution File, Format Version 12.00
# Visual Studio 15
VisualStudioVersion = 15.0.28307.329
MinimumVisualStudioVersion = 10.0.40219.1
Project("{FAE04EC0-301F-11D3-BF4B-00C04F79EFBC}") = "hello world", "hello world\hello world.csproj", "{78BB6647-6ED7-4E8A-B337-CE7EC8D59651}"
EndProject
Global
	GlobalSection(SolutionConfigurationPlatforms) = preSolution
		Debug|Any CPU = Debug|Any CPU
		Release|Any CPU = Release|Any CPU
	EndGlobalSection
	GlobalSection(ProjectConfigurationPlatforms) = postSolution
		{78BB6647-6ED7-4E8A-B337-CE7EC8D59651}.Debug|Any CPU.ActiveCfg = Debug|Any CPU
		{78BB6647-6ED7-4E8A-B337-CE7EC8D59651}.Debug|Any CPU.Build.0 = Debug|Any CPU
		{78BB6647-6ED7-4E8A-B337-CE7EC8D59651}.Release|Any CPU.ActiveCfg = Release|Any CPU
		{78BB6647-6ED7-4E8A-B337-CE7EC8D59651}.Release|Any CPU.Build.0 = Release|Any CPU
	EndGlobalSection
	GlobalSection(SolutionProperties) = preSolution
		HideSolutionNode = FALSE
	EndGlobalSection
	GlobalSection(ExtensibilityGlobals) = postSolution
		SolutionGuid = {C1FEFEC9-CD12-4633-9495-B7DACD7B2E02}
	EndGlobalSection
EndGlobal
